
Microsoft Visual Studio Solution File, Format Version 12.00
# Visual Studio Version 17
VisualStudioVersion = 17.4.33205.214
MinimumVisualStudioVersion = 10.0.40219.1
Project("{FAE04EC0-301F-11D3-BF4B-00C04F79EFBC}") = "BTL", "BTL.csproj", "{22715C39-103B-430E-BF1A-184CA3BCAE7B}"
EndProject
Global
	GlobalSection(SolutionConfigurationPlatforms) = preSolution
		Debug|Any CPU = Debug|Any CPU
		Release|Any CPU = Release|Any CPU
	EndGlobalSection
	GlobalSection(ProjectConfigurationPlatforms) = postSolution
		{22715C39-103B-430E-BF1A-184CA3BCAE7B}.Debug|Any CPU.ActiveCfg = Debug|Any CPU
		{22715C39-103B-430E-BF1A-184CA3BCAE7B}.Debug|Any CPU.Build.0 = Debug|Any CPU
		{22715C39-103B-430E-BF1A-184CA3BCAE7B}.Release|Any CPU.ActiveCfg = Release|Any CPU
		{22715C39-103B-430E-BF1A-184CA3BCAE7B}.Release|Any CPU.Build.0 = Release|Any CPU
	EndGlobalSection
	GlobalSection(SolutionProperties) = preSolution
		HideSolutionNode = FALSE
	EndGlobalSection
	GlobalSection(ExtensibilityGlobals) = postSolution
		SolutionGuid = {156AB546-9124-4391-B964-69AB857535F5}
	EndGlobalSection
EndGlobal
